// !$*UTF8*$!
{
	archiveVersion = 1;
	classes = {
	};
	objectVersion = 48;
	objects = {

/* Begin PBXBuildFile section */
		84D7EFA820001C0D005AC5E5 /* AppDelegate.swift in Sources */ = {isa = PBXBuildFile; fileRef = 84D7EFA720001C0D005AC5E5 /* AppDelegate.swift */; };
		84D7EFAA20001C0D005AC5E5 /* LoginViewController.swift in Sources */ = {isa = PBXBuildFile; fileRef = 84D7EFA920001C0D005AC5E5 /* LoginViewController.swift */; };
		84D7EFAD20001C0D005AC5E5 /* Main.storyboard in Resources */ = {isa = PBXBuildFile; fileRef = 84D7EFAB20001C0D005AC5E5 /* Main.storyboard */; };
		84D7EFAF20001C0D005AC5E5 /* Assets.xcassets in Resources */ = {isa = PBXBuildFile; fileRef = 84D7EFAE20001C0D005AC5E5 /* Assets.xcassets */; };
		84D7EFB220001C0D005AC5E5 /* LaunchScreen.storyboard in Resources */ = {isa = PBXBuildFile; fileRef = 84D7EFB020001C0D005AC5E5 /* LaunchScreen.storyboard */; };
		84D7EFC020001D6B005AC5E5 /* GCDBlackBox.swift in Sources */ = {isa = PBXBuildFile; fileRef = 84D7EFBF20001D6B005AC5E5 /* GCDBlackBox.swift */; };
		84D7EFC4200023A9005AC5E5 /* MapViewController.swift in Sources */ = {isa = PBXBuildFile; fileRef = 84D7EFC3200023A9005AC5E5 /* MapViewController.swift */; };
		84D7EFC6200023EA005AC5E5 /* TableViewController.swift in Sources */ = {isa = PBXBuildFile; fileRef = 84D7EFC5200023EA005AC5E5 /* TableViewController.swift */; };
		84D7EFC82000256D005AC5E5 /* AddLocationMainViewController.swift in Sources */ = {isa = PBXBuildFile; fileRef = 84D7EFC72000256D005AC5E5 /* AddLocationMainViewController.swift */; };
		84E49C02200586AC008A2199 /* TabBarController.swift in Sources */ = {isa = PBXBuildFile; fileRef = 84E49C01200586AC008A2199 /* TabBarController.swift */; };
		84E49C0720058F0C008A2199 /* UdacityClient.swift in Sources */ = {isa = PBXBuildFile; fileRef = 84E49C0620058F0C008A2199 /* UdacityClient.swift */; };
		84E49C092006C4B2008A2199 /* ParseStudent.swift in Sources */ = {isa = PBXBuildFile; fileRef = 84E49C082006C4B2008A2199 /* ParseStudent.swift */; };
		84E49C0B2006C704008A2199 /* ParseClient.swift in Sources */ = {isa = PBXBuildFile; fileRef = 84E49C0A2006C704008A2199 /* ParseClient.swift */; };
		84E49C0F200ECA3E008A2199 /* StudentInformation.swift in Sources */ = {isa = PBXBuildFile; fileRef = 84E49C0E200ECA3E008A2199 /* StudentInformation.swift */; };
		84E49C1320114F02008A2199 /* AddLocationMapViewController.swift in Sources */ = {isa = PBXBuildFile; fileRef = 84E49C1220114F02008A2199 /* AddLocationMapViewController.swift */; };
		84E49C1520129EE6008A2199 /* UIViewControllerExtension.swift in Sources */ = {isa = PBXBuildFile; fileRef = 84E49C1420129EE6008A2199 /* UIViewControllerExtension.swift */; };
		84E49C172016A096008A2199 /* UdacityUser.swift in Sources */ = {isa = PBXBuildFile; fileRef = 84E49C162016A096008A2199 /* UdacityUser.swift */; };
/* End PBXBuildFile section */

/* Begin PBXFileReference section */
		84D7EFA420001C0D005AC5E5 /* OnTheMap.app */ = {isa = PBXFileReference; explicitFileType = wrapper.application; includeInIndex = 0; path = OnTheMap.app; sourceTree = BUILT_PRODUCTS_DIR; };
		84D7EFA720001C0D005AC5E5 /* AppDelegate.swift */ = {isa = PBXFileReference; lastKnownFileType = sourcecode.swift; path = AppDelegate.swift; sourceTree = "<group>"; };
		84D7EFA920001C0D005AC5E5 /* LoginViewController.swift */ = {isa = PBXFileReference; lastKnownFileType = sourcecode.swift; path = LoginViewController.swift; sourceTree = "<group>"; };
		84D7EFAC20001C0D005AC5E5 /* Base */ = {isa = PBXFileReference; lastKnownFileType = file.storyboard; name = Base; path = Base.lproj/Main.storyboard; sourceTree = "<group>"; };
		84D7EFAE20001C0D005AC5E5 /* Assets.xcassets */ = {isa = PBXFileReference; lastKnownFileType = folder.assetcatalog; path = Assets.xcassets; sourceTree = "<group>"; };
		84D7EFB120001C0D005AC5E5 /* Base */ = {isa = PBXFileReference; lastKnownFileType = file.storyboard; name = Base; path = Base.lproj/LaunchScreen.storyboard; sourceTree = "<group>"; };
		84D7EFB320001C0D005AC5E5 /* Info.plist */ = {isa = PBXFileReference; lastKnownFileType = text.plist.xml; path = Info.plist; sourceTree = "<group>"; };
		84D7EFBF20001D6B005AC5E5 /* GCDBlackBox.swift */ = {isa = PBXFileReference; fileEncoding = 4; lastKnownFileType = sourcecode.swift; path = GCDBlackBox.swift; sourceTree = "<group>"; };
		84D7EFC3200023A9005AC5E5 /* MapViewController.swift */ = {isa = PBXFileReference; lastKnownFileType = sourcecode.swift; path = MapViewController.swift; sourceTree = "<group>"; };
		84D7EFC5200023EA005AC5E5 /* TableViewController.swift */ = {isa = PBXFileReference; lastKnownFileType = sourcecode.swift; path = TableViewController.swift; sourceTree = "<group>"; };
		84D7EFC72000256D005AC5E5 /* AddLocationMainViewController.swift */ = {isa = PBXFileReference; lastKnownFileType = sourcecode.swift; path = AddLocationMainViewController.swift; sourceTree = "<group>"; };
		84E49C01200586AC008A2199 /* TabBarController.swift */ = {isa = PBXFileReference; lastKnownFileType = sourcecode.swift; path = TabBarController.swift; sourceTree = "<group>"; };
		84E49C0620058F0C008A2199 /* UdacityClient.swift */ = {isa = PBXFileReference; lastKnownFileType = sourcecode.swift; path = UdacityClient.swift; sourceTree = "<group>"; };
		84E49C082006C4B2008A2199 /* ParseStudent.swift */ = {isa = PBXFileReference; lastKnownFileType = sourcecode.swift; path = ParseStudent.swift; sourceTree = "<group>"; };
		84E49C0A2006C704008A2199 /* ParseClient.swift */ = {isa = PBXFileReference; lastKnownFileType = sourcecode.swift; path = ParseClient.swift; sourceTree = "<group>"; };
		84E49C0E200ECA3E008A2199 /* StudentInformation.swift */ = {isa = PBXFileReference; lastKnownFileType = sourcecode.swift; path = StudentInformation.swift; sourceTree = "<group>"; };
		84E49C1220114F02008A2199 /* AddLocationMapViewController.swift */ = {isa = PBXFileReference; lastKnownFileType = sourcecode.swift; path = AddLocationMapViewController.swift; sourceTree = "<group>"; };
		84E49C1420129EE6008A2199 /* UIViewControllerExtension.swift */ = {isa = PBXFileReference; lastKnownFileType = sourcecode.swift; path = UIViewControllerExtension.swift; sourceTree = "<group>"; };
		84E49C162016A096008A2199 /* UdacityUser.swift */ = {isa = PBXFileReference; lastKnownFileType = sourcecode.swift; path = UdacityUser.swift; sourceTree = "<group>"; };
/* End PBXFileReference section */

/* Begin PBXFrameworksBuildPhase section */
		84D7EFA120001C0D005AC5E5 /* Frameworks */ = {
			isa = PBXFrameworksBuildPhase;
			buildActionMask = 2147483647;
			files = (
			);
			runOnlyForDeploymentPostprocessing = 0;
		};
/* End PBXFrameworksBuildPhase section */

/* Begin PBXGroup section */
		84D7EF9B20001C0D005AC5E5 = {
			isa = PBXGroup;
			children = (
				84D7EFA620001C0D005AC5E5 /* OnTheMap */,
				84D7EFA520001C0D005AC5E5 /* Products */,
			);
			sourceTree = "<group>";
		};
		84D7EFA520001C0D005AC5E5 /* Products */ = {
			isa = PBXGroup;
			children = (
				84D7EFA420001C0D005AC5E5 /* OnTheMap.app */,
			);
			name = Products;
			sourceTree = "<group>";
		};
		84D7EFA620001C0D005AC5E5 /* OnTheMap */ = {
			isa = PBXGroup;
			children = (
				84D7EFA720001C0D005AC5E5 /* AppDelegate.swift */,
				84D7EFBF20001D6B005AC5E5 /* GCDBlackBox.swift */,
				84D7EFAE20001C0D005AC5E5 /* Assets.xcassets */,
				84D7EFB020001C0D005AC5E5 /* LaunchScreen.storyboard */,
				84D7EFAB20001C0D005AC5E5 /* Main.storyboard */,
				84D7EFB920001C28005AC5E5 /* Model */,
				84D7EFBB20001C3E005AC5E5 /* View */,
				84D7EFBC20001C44005AC5E5 /* Controller */,
				84D7EFBE20001CF3005AC5E5 /* Supporting Files */,
			);
			path = OnTheMap;
			sourceTree = "<group>";
		};
		84D7EFB920001C28005AC5E5 /* Model */ = {
			isa = PBXGroup;
			children = (
				84E49C0320058EAF008A2199 /* Clients */,
			);
			path = Model;
			sourceTree = "<group>";
		};
		84D7EFBB20001C3E005AC5E5 /* View */ = {
			isa = PBXGroup;
			children = (
				84E49C1420129EE6008A2199 /* UIViewControllerExtension.swift */,
			);
			path = View;
			sourceTree = "<group>";
		};
		84D7EFBC20001C44005AC5E5 /* Controller */ = {
			isa = PBXGroup;
			children = (
				84D7EFA920001C0D005AC5E5 /* LoginViewController.swift */,
				84E49C01200586AC008A2199 /* TabBarController.swift */,
				84D7EFC3200023A9005AC5E5 /* MapViewController.swift */,
				84D7EFC5200023EA005AC5E5 /* TableViewController.swift */,
				84D7EFC72000256D005AC5E5 /* AddLocationMainViewController.swift */,
				84E49C1220114F02008A2199 /* AddLocationMapViewController.swift */,
			);
			path = Controller;
			sourceTree = "<group>";
		};
		84D7EFBE20001CF3005AC5E5 /* Supporting Files */ = {
			isa = PBXGroup;
			children = (
				84D7EFB320001C0D005AC5E5 /* Info.plist */,
			);
			path = "Supporting Files";
			sourceTree = "<group>";
		};
		84E49C0320058EAF008A2199 /* Clients */ = {
			isa = PBXGroup;
			children = (
				84E49C0E200ECA3E008A2199 /* StudentInformation.swift */,
				84E49C0520058EBC008A2199 /* Parse */,
				84E49C0420058EB5008A2199 /* Udacity */,
			);
			path = Clients;
			sourceTree = "<group>";
		};
		84E49C0420058EB5008A2199 /* Udacity */ = {
			isa = PBXGroup;
			children = (
				84E49C0620058F0C008A2199 /* UdacityClient.swift */,
				84E49C162016A096008A2199 /* UdacityUser.swift */,
			);
			path = Udacity;
			sourceTree = "<group>";
		};
		84E49C0520058EBC008A2199 /* Parse */ = {
			isa = PBXGroup;
			children = (
				84E49C082006C4B2008A2199 /* ParseStudent.swift */,
				84E49C0A2006C704008A2199 /* ParseClient.swift */,
			);
			path = Parse;
			sourceTree = "<group>";
		};
/* End PBXGroup section */

/* Begin PBXNativeTarget section */
		84D7EFA320001C0D005AC5E5 /* OnTheMap */ = {
			isa = PBXNativeTarget;
			buildConfigurationList = 84D7EFB620001C0D005AC5E5 /* Build configuration list for PBXNativeTarget "OnTheMap" */;
			buildPhases = (
				84D7EFA020001C0D005AC5E5 /* Sources */,
				84D7EFA120001C0D005AC5E5 /* Frameworks */,
				84D7EFA220001C0D005AC5E5 /* Resources */,
			);
			buildRules = (
			);
			dependencies = (
			);
			name = OnTheMap;
			productName = OnTheMap;
			productReference = 84D7EFA420001C0D005AC5E5 /* OnTheMap.app */;
			productType = "com.apple.product-type.application";
		};
/* End PBXNativeTarget section */

/* Begin PBXProject section */
		84D7EF9C20001C0D005AC5E5 /* Project object */ = {
			isa = PBXProject;
			attributes = {
				LastSwiftUpdateCheck = 0920;
				LastUpgradeCheck = 0920;
				ORGANIZATIONNAME = DoughDoughTech;
				TargetAttributes = {
					84D7EFA320001C0D005AC5E5 = {
						CreatedOnToolsVersion = 9.2;
						ProvisioningStyle = Automatic;
					};
				};
			};
			buildConfigurationList = 84D7EF9F20001C0D005AC5E5 /* Build configuration list for PBXProject "OnTheMap" */;
			compatibilityVersion = "Xcode 8.0";
			developmentRegion = en;
			hasScannedForEncodings = 0;
			knownRegions = (
				en,
				Base,
			);
			mainGroup = 84D7EF9B20001C0D005AC5E5;
			productRefGroup = 84D7EFA520001C0D005AC5E5 /* Products */;
			projectDirPath = "";
			projectRoot = "";
			targets = (
				84D7EFA320001C0D005AC5E5 /* OnTheMap */,
			);
		};
/* End PBXProject section */

/* Begin PBXResourcesBuildPhase section */
		84D7EFA220001C0D005AC5E5 /* Resources */ = {
			isa = PBXResourcesBuildPhase;
			buildActionMask = 2147483647;
			files = (
				84D7EFB220001C0D005AC5E5 /* LaunchScreen.storyboard in Resources */,
				84D7EFAF20001C0D005AC5E5 /* Assets.xcassets in Resources */,
				84D7EFAD20001C0D005AC5E5 /* Main.storyboard in Resources */,
			);
			runOnlyForDeploymentPostprocessing = 0;
		};
/* End PBXResourcesBuildPhase section */

/* Begin PBXSourcesBuildPhase section */
		84D7EFA020001C0D005AC5E5 /* Sources */ = {
			isa = PBXSourcesBuildPhase;
			buildActionMask = 2147483647;
			files = (
				84E49C0720058F0C008A2199 /* UdacityClient.swift in Sources */,
				84D7EFAA20001C0D005AC5E5 /* LoginViewController.swift in Sources */,
				84D7EFC82000256D005AC5E5 /* AddLocationMainViewController.swift in Sources */,
				84D7EFC020001D6B005AC5E5 /* GCDBlackBox.swift in Sources */,
				84E49C1320114F02008A2199 /* AddLocationMapViewController.swift in Sources */,
				84D7EFA820001C0D005AC5E5 /* AppDelegate.swift in Sources */,
				84E49C02200586AC008A2199 /* TabBarController.swift in Sources */,
				84E49C0B2006C704008A2199 /* ParseClient.swift in Sources */,
				84E49C172016A096008A2199 /* UdacityUser.swift in Sources */,
				84D7EFC6200023EA005AC5E5 /* TableViewController.swift in Sources */,
				84E49C1520129EE6008A2199 /* UIViewControllerExtension.swift in Sources */,
				84D7EFC4200023A9005AC5E5 /* MapViewController.swift in Sources */,
				84E49C092006C4B2008A2199 /* ParseStudent.swift in Sources */,
				84E49C0F200ECA3E008A2199 /* StudentInformation.swift in Sources */,
			);
			runOnlyForDeploymentPostprocessing = 0;
		};
/* End PBXSourcesBuildPhase section */

/* Begin PBXVariantGroup section */
		84D7EFAB20001C0D005AC5E5 /* Main.storyboard */ = {
			isa = PBXVariantGroup;
			children = (
				84D7EFAC20001C0D005AC5E5 /* Base */,
			);
			name = Main.storyboard;
			sourceTree = "<group>";
		};
		84D7EFB020001C0D005AC5E5 /* LaunchScreen.storyboard */ = {
			isa = PBXVariantGroup;
			children = (
				84D7EFB120001C0D005AC5E5 /* Base */,
			);
			name = LaunchScreen.storyboard;
			sourceTree = "<group>";
		};
/* End PBXVariantGroup section */

/* Begin XCBuildConfiguration section */
		84D7EFB420001C0D005AC5E5 /* Debug */ = {
			isa = XCBuildConfiguration;
			buildSettings = {
				ALWAYS_SEARCH_USER_PATHS = NO;
				CLANG_ANALYZER_NONNULL = YES;
				CLANG_ANALYZER_NUMBER_OBJECT_CONVERSION = YES_AGGRESSIVE;
				CLANG_CXX_LANGUAGE_STANDARD = "gnu++14";
				CLANG_CXX_LIBRARY = "libc++";
				CLANG_ENABLE_MODULES = YES;
				CLANG_ENABLE_OBJC_ARC = YES;
				CLANG_WARN_BLOCK_CAPTURE_AUTORELEASING = YES;
				CLANG_WARN_BOOL_CONVERSION = YES;
				CLANG_WARN_COMMA = YES;
				CLANG_WARN_CONSTANT_CONVERSION = YES;
				CLANG_WARN_DIRECT_OBJC_ISA_USAGE = YES_ERROR;
				CLANG_WARN_DOCUMENTATION_COMMENTS = YES;
				CLANG_WARN_EMPTY_BODY = YES;
				CLANG_WARN_ENUM_CONVERSION = YES;
				CLANG_WARN_INFINITE_RECURSION = YES;
				CLANG_WARN_INT_CONVERSION = YES;
				CLANG_WARN_NON_LITERAL_NULL_CONVERSION = YES;
				CLANG_WARN_OBJC_LITERAL_CONVERSION = YES;
				CLANG_WARN_OBJC_ROOT_CLASS = YES_ERROR;
				CLANG_WARN_RANGE_LOOP_ANALYSIS = YES;
				CLANG_WARN_STRICT_PROTOTYPES = YES;
				CLANG_WARN_SUSPICIOUS_MOVE = YES;
				CLANG_WARN_UNGUARDED_AVAILABILITY = YES_AGGRESSIVE;
				CLANG_WARN_UNREACHABLE_CODE = YES;
				CLANG_WARN__DUPLICATE_METHOD_MATCH = YES;
				CODE_SIGN_IDENTITY = "iPhone Developer";
				COPY_PHASE_STRIP = NO;
				DEBUG_INFORMATION_FORMAT = dwarf;
				ENABLE_STRICT_OBJC_MSGSEND = YES;
				ENABLE_TESTABILITY = YES;
				GCC_C_LANGUAGE_STANDARD = gnu11;
				GCC_DYNAMIC_NO_PIC = NO;
				GCC_NO_COMMON_BLOCKS = YES;
				GCC_OPTIMIZATION_LEVEL = 0;
				GCC_PREPROCESSOR_DEFINITIONS = (
					"DEBUG=1",
					"$(inherited)",
				);
				GCC_WARN_64_TO_32_BIT_CONVERSION = YES;
				GCC_WARN_ABOUT_RETURN_TYPE = YES_ERROR;
				GCC_WARN_UNDECLARED_SELECTOR = YES;
				GCC_WARN_UNINITIALIZED_AUTOS = YES_AGGRESSIVE;
				GCC_WARN_UNUSED_FUNCTION = YES;
				GCC_WARN_UNUSED_VARIABLE = YES;
				IPHONEOS_DEPLOYMENT_TARGET = 11.2;
				MTL_ENABLE_DEBUG_INFO = YES;
				ONLY_ACTIVE_ARCH = YES;
				SDKROOT = iphoneos;
				SWIFT_ACTIVE_COMPILATION_CONDITIONS = DEBUG;
				SWIFT_OPTIMIZATION_LEVEL = "-Onone";
			};
			name = Debug;
		};
		84D7EFB520001C0D005AC5E5 /* Release */ = {
			isa = XCBuildConfiguration;
			buildSettings = {
				ALWAYS_SEARCH_USER_PATHS = NO;
				CLANG_ANALYZER_NONNULL = YES;
				CLANG_ANALYZER_NUMBER_OBJECT_CONVERSION = YES_AGGRESSIVE;
				CLANG_CXX_LANGUAGE_STANDARD = "gnu++14";
				CLANG_CXX_LIBRARY = "libc++";
				CLANG_ENABLE_MODULES = YES;
				CLANG_ENABLE_OBJC_ARC = YES;
				CLANG_WARN_BLOCK_CAPTURE_AUTORELEASING = YES;
				CLANG_WARN_BOOL_CONVERSION = YES;
				CLANG_WARN_COMMA = YES;
				CLANG_WARN_CONSTANT_CONVERSION = YES;
				CLANG_WARN_DIRECT_OBJC_ISA_USAGE = YES_ERROR;
				CLANG_WARN_DOCUMENTATION_COMMENTS = YES;
				CLANG_WARN_EMPTY_BODY = YES;
				CLANG_WARN_ENUM_CONVERSION = YES;
				CLANG_WARN_INFINITE_RECURSION = YES;
				CLANG_WARN_INT_CONVERSION = YES;
				CLANG_WARN_NON_LITERAL_NULL_CONVERSION = YES;
				CLANG_WARN_OBJC_LITERAL_CONVERSION = YES;
				CLANG_WARN_OBJC_ROOT_CLASS = YES_ERROR;
				CLANG_WARN_RANGE_LOOP_ANALYSIS = YES;
				CLANG_WARN_STRICT_PROTOTYPES = YES;
				CLANG_WARN_SUSPICIOUS_MOVE = YES;
				CLANG_WARN_UNGUARDED_AVAILABILITY = YES_AGGRESSIVE;
				CLANG_WARN_UNREACHABLE_CODE = YES;
				CLANG_WARN__DUPLICATE_METHOD_MATCH = YES;
				CODE_SIGN_IDENTITY = "iPhone Developer";
				COPY_PHASE_STRIP = NO;
				DEBUG_INFORMATION_FORMAT = "dwarf-with-dsym";
				ENABLE_NS_ASSERTIONS = NO;
				ENABLE_STRICT_OBJC_MSGSEND = YES;
				GCC_C_LANGUAGE_STANDARD = gnu11;
				GCC_NO_COMMON_BLOCKS = YES;
				GCC_WARN_64_TO_32_BIT_CONVERSION = YES;
				GCC_WARN_ABOUT_RETURN_TYPE = YES_ERROR;
				GCC_WARN_UNDECLARED_SELECTOR = YES;
				GCC_WARN_UNINITIALIZED_AUTOS = YES_AGGRESSIVE;
				GCC_WARN_UNUSED_FUNCTION = YES;
				GCC_WARN_UNUSED_VARIABLE = YES;
				IPHONEOS_DEPLOYMENT_TARGET = 11.2;
				MTL_ENABLE_DEBUG_INFO = NO;
				SDKROOT = iphoneos;
				SWIFT_OPTIMIZATION_LEVEL = "-Owholemodule";
				VALIDATE_PRODUCT = YES;
			};
			name = Release;
		};
		84D7EFB720001C0D005AC5E5 /* Debug */ = {
			isa = XCBuildConfiguration;
			buildSettings = {
				ASSETCATALOG_COMPILER_APPICON_NAME = AppIcon;
				CODE_SIGN_STYLE = Automatic;
				DEVELOPMENT_TEAM = 54243X79VK;
				INFOPLIST_FILE = "$(SRCROOT)/OnTheMap/Supporting Files/Info.plist";
				LD_RUNPATH_SEARCH_PATHS = "$(inherited) @executable_path/Frameworks";
				PRODUCT_BUNDLE_IDENTIFIER = com.doughdoughtech.OnTheMap;
				PRODUCT_NAME = "$(TARGET_NAME)";
				SWIFT_VERSION = 4.0;
				TARGETED_DEVICE_FAMILY = "1,2";
			};
			name = Debug;
		};
		84D7EFB820001C0D005AC5E5 /* Release */ = {
			isa = XCBuildConfiguration;
			buildSettings = {
				ASSETCATALOG_COMPILER_APPICON_NAME = AppIcon;
				CODE_SIGN_STYLE = Automatic;
				DEVELOPMENT_TEAM = 54243X79VK;
				INFOPLIST_FILE = "$(SRCROOT)/OnTheMap/Supporting Files/Info.plist";
				LD_RUNPATH_SEARCH_PATHS = "$(inherited) @executable_path/Frameworks";
				PRODUCT_BUNDLE_IDENTIFIER = com.doughdoughtech.OnTheMap;
				PRODUCT_NAME = "$(TARGET_NAME)";
				SWIFT_VERSION = 4.0;
				TARGETED_DEVICE_FAMILY = "1,2";
			};
			name = Release;
		};
/* End XCBuildConfiguration section */

/* Begin XCConfigurationList section */
		84D7EF9F20001C0D005AC5E5 /* Build configuration list for PBXProject "OnTheMap" */ = {
			isa = XCConfigurationList;
			buildConfigurations = (
				84D7EFB420001C0D005AC5E5 /* Debug */,
				84D7EFB520001C0D005AC5E5 /* Release */,
			);
			defaultConfigurationIsVisible = 0;
			defaultConfigurationName = Release;
		};
		84D7EFB620001C0D005AC5E5 /* Build configuration list for PBXNativeTarget "OnTheMap" */ = {
			isa = XCConfigurationList;
			buildConfigurations = (
				84D7EFB720001C0D005AC5E5 /* Debug */,
				84D7EFB820001C0D005AC5E5 /* Release */,
			);
			defaultConfigurationIsVisible = 0;
			defaultConfigurationName = Release;
		};
/* End XCConfigurationList section */
	};
	rootObject = 84D7EF9C20001C0D005AC5E5 /* Project object */;
}
